
Microsoft Visual Studio Solution File, Format Version 12.00
# Visual Studio Version 17
VisualStudioVersion = 17.1.32421.90
MinimumVisualStudioVersion = 10.0.40219.1
Project("{2150E333-8FDC-42A3-9474-1A3956D46DE8}") = "Solution Items", "Solution Items", "{AA37840D-84A5-40AD-9C1F-DFA75BD37780}"
	ProjectSection(SolutionItems) = preProject
		.editorconfig = .editorconfig
		History.md = History.md
		Readme.md = Readme.md
	EndProjectSection
EndProject
Project("{9A19103F-16F7-4668-BE54-9A1E7A4F7556}") = "Abc.IdentityModel.Protocols.Saml", "src\Abc.IdentityModel.Protocols.Saml2\Abc.IdentityModel.Protocols.Saml.csproj", "{E2D38C11-0BAB-4B03-9557-FE8A6DC1CBB3}"
EndProject
Project("{9A19103F-16F7-4668-BE54-9A1E7A4F7556}") = "Abc.IdentityModel.Http", "src\Abc.IdentityModel.Http\Abc.IdentityModel.Http.csproj", "{FB71CB68-FF59-4767-8E8F-451650F1398F}"
EndProject
Project("{9A19103F-16F7-4668-BE54-9A1E7A4F7556}") = "Abc.IdentityModel.ClaimExtensions", "src\Abc.IdentityModel.ClaimExtensions\Abc.IdentityModel.ClaimExtensions.csproj", "{1AF5BF03-1125-4335-A13E-09E81B49E3D5}"
EndProject
Project("{9A19103F-16F7-4668-BE54-9A1E7A4F7556}") = "Abc.IdentityModel.Xml", "src\Abc.IdentityModel.Xml\Abc.IdentityModel.Xml.csproj", "{0772510A-20C8-4740-AC71-E07CB28C14D0}"
EndProject
Project("{9A19103F-16F7-4668-BE54-9A1E7A4F7556}") = "Abc.IdentityModel.Xml.UnitTests", "test\Abc.IdentityModel.Xml.UnitTests\Abc.IdentityModel.Xml.UnitTests.csproj", "{350C8959-D2E5-4CE9-9A40-C4DEBDF9D866}"
EndProject
Project("{9A19103F-16F7-4668-BE54-9A1E7A4F7556}") = "Abc.IdentityModel.Metadata", "src\Abc.IdentityModel.Metadata\Abc.IdentityModel.Metadata.csproj", "{F0D60F29-6FC1-4DD8-93B1-8EB1359A0AB9}"
EndProject
Project("{9A19103F-16F7-4668-BE54-9A1E7A4F7556}") = "Abc.IdentityModel.Http.Saml", "src\Abc.IdentityModel.Http.Saml\Abc.IdentityModel.Http.Saml.csproj", "{F9A88FBF-2A6D-410B-881B-31D8B29C8C05}"
EndProject
Project("{9A19103F-16F7-4668-BE54-9A1E7A4F7556}") = "Abc.IdentityModel.Tokens.Saml.UnitTests", "test\Abc.IdentityModel.Tokens.Saml.UnitTests\Abc.IdentityModel.Tokens.Saml.UnitTests.csproj", "{F0CB1FE1-26F0-40C6-8267-7C707036F3E7}"
EndProject
Project("{9A19103F-16F7-4668-BE54-9A1E7A4F7556}") = "Abc.IdentityModel.Tokens.Saml", "src\Abc.IdentityModel.Tokens.Saml\Abc.IdentityModel.Tokens.Saml.csproj", "{2DF9A27E-5B76-4CEC-8221-BA1B0F88F864}"
EndProject
Project("{2150E333-8FDC-42A3-9474-1A3956D46DE8}") = "src", "src", "{23BAA3C5-E64C-47B8-8D2A-53EE17C4004F}"
	ProjectSection(SolutionItems) = preProject
		src\Directory.Build.props = src\Directory.Build.props
	EndProjectSection
EndProject
Project("{2150E333-8FDC-42A3-9474-1A3956D46DE8}") = "test", "test", "{B51104E7-298C-4C57-A1E6-A5DC645F1B8E}"
EndProject
Project("{9A19103F-16F7-4668-BE54-9A1E7A4F7556}") = "Abc.IdentityModel.Tokens.Jwt", "src\Abc.IdentityModel.Tokens.Jwt\Abc.IdentityModel.Tokens.Jwt.csproj", "{4FAF757C-98F6-4BE4-8529-5E4F4A408122}"
EndProject
Project("{9A19103F-16F7-4668-BE54-9A1E7A4F7556}") = "Abc.IdentityModel.Tokens.Jwt.UnitTests", "test\Abc.IdentityModel.Tokens.Jwt.UnitTests\Abc.IdentityModel.Tokens.Jwt.UnitTests.csproj", "{6C0555D9-28CC-4722-9188-DD69F6DCE44F}"
EndProject
Project("{2150E333-8FDC-42A3-9474-1A3956D46DE8}") = "GitHub", "GitHub", "{D0779697-4C87-48AD-A0B8-70C20A71FC8A}"
	ProjectSection(SolutionItems) = preProject
		.github\workflows\dotnet.yml = .github\workflows\dotnet.yml
	EndProjectSection
EndProject
Project("{9A19103F-16F7-4668-BE54-9A1E7A4F7556}") = "Abc.IdentityModel.Protocols.EidasLight", "src\Abc.IdentityModel.Protocols.EidasLight\Abc.IdentityModel.Protocols.EidasLight.csproj", "{4B8DC977-A5AC-49E0-8E99-93ED6696A48A}"
EndProject
Project("{9A19103F-16F7-4668-BE54-9A1E7A4F7556}") = "Abc.IdentityModel.Protocols.EidasLight.UnitTests", "test\Abc.IdentityModel.Protocols.EidasLight.UnitTests\Abc.IdentityModel.Protocols.EidasLight.UnitTests.csproj", "{CCDF4778-429E-447F-AFFF-16177542A27D}"
EndProject
Global
	GlobalSection(SolutionConfigurationPlatforms) = preSolution
		Debug|Any CPU = Debug|Any CPU
		Release|Any CPU = Release|Any CPU
	EndGlobalSection
	GlobalSection(ProjectConfigurationPlatforms) = postSolution
		{E2D38C11-0BAB-4B03-9557-FE8A6DC1CBB3}.Debug|Any CPU.ActiveCfg = Debug|Any CPU
		{E2D38C11-0BAB-4B03-9557-FE8A6DC1CBB3}.Debug|Any CPU.Build.0 = Debug|Any CPU
		{E2D38C11-0BAB-4B03-9557-FE8A6DC1CBB3}.Release|Any CPU.ActiveCfg = Release|Any CPU
		{E2D38C11-0BAB-4B03-9557-FE8A6DC1CBB3}.Release|Any CPU.Build.0 = Release|Any CPU
		{FB71CB68-FF59-4767-8E8F-451650F1398F}.Debug|Any CPU.ActiveCfg = Debug|Any CPU
		{FB71CB68-FF59-4767-8E8F-451650F1398F}.Debug|Any CPU.Build.0 = Debug|Any CPU
		{FB71CB68-FF59-4767-8E8F-451650F1398F}.Release|Any CPU.ActiveCfg = Release|Any CPU
		{FB71CB68-FF59-4767-8E8F-451650F1398F}.Release|Any CPU.Build.0 = Release|Any CPU
		{1AF5BF03-1125-4335-A13E-09E81B49E3D5}.Debug|Any CPU.ActiveCfg = Debug|Any CPU
		{1AF5BF03-1125-4335-A13E-09E81B49E3D5}.Debug|Any CPU.Build.0 = Debug|Any CPU
		{1AF5BF03-1125-4335-A13E-09E81B49E3D5}.Release|Any CPU.ActiveCfg = Release|Any CPU
		{1AF5BF03-1125-4335-A13E-09E81B49E3D5}.Release|Any CPU.Build.0 = Release|Any CPU
		{0772510A-20C8-4740-AC71-E07CB28C14D0}.Debug|Any CPU.ActiveCfg = Debug|Any CPU
		{0772510A-20C8-4740-AC71-E07CB28C14D0}.Debug|Any CPU.Build.0 = Debug|Any CPU
		{0772510A-20C8-4740-AC71-E07CB28C14D0}.Release|Any CPU.ActiveCfg = Release|Any CPU
		{0772510A-20C8-4740-AC71-E07CB28C14D0}.Release|Any CPU.Build.0 = Release|Any CPU
		{350C8959-D2E5-4CE9-9A40-C4DEBDF9D866}.Debug|Any CPU.ActiveCfg = Debug|Any CPU
		{350C8959-D2E5-4CE9-9A40-C4DEBDF9D866}.Debug|Any CPU.Build.0 = Debug|Any CPU
		{350C8959-D2E5-4CE9-9A40-C4DEBDF9D866}.Release|Any CPU.ActiveCfg = Release|Any CPU
		{350C8959-D2E5-4CE9-9A40-C4DEBDF9D866}.Release|Any CPU.Build.0 = Release|Any CPU
		{F0D60F29-6FC1-4DD8-93B1-8EB1359A0AB9}.Debug|Any CPU.ActiveCfg = Debug|Any CPU
		{F0D60F29-6FC1-4DD8-93B1-8EB1359A0AB9}.Debug|Any CPU.Build.0 = Debug|Any CPU
		{F0D60F29-6FC1-4DD8-93B1-8EB1359A0AB9}.Release|Any CPU.ActiveCfg = Release|Any CPU
		{F0D60F29-6FC1-4DD8-93B1-8EB1359A0AB9}.Release|Any CPU.Build.0 = Release|Any CPU
		{F9A88FBF-2A6D-410B-881B-31D8B29C8C05}.Debug|Any CPU.ActiveCfg = Debug|Any CPU
		{F9A88FBF-2A6D-410B-881B-31D8B29C8C05}.Debug|Any CPU.Build.0 = Debug|Any CPU
		{F9A88FBF-2A6D-410B-881B-31D8B29C8C05}.Release|Any CPU.ActiveCfg = Release|Any CPU
		{F9A88FBF-2A6D-410B-881B-31D8B29C8C05}.Release|Any CPU.Build.0 = Release|Any CPU
		{F0CB1FE1-26F0-40C6-8267-7C707036F3E7}.Debug|Any CPU.ActiveCfg = Debug|Any CPU
		{F0CB1FE1-26F0-40C6-8267-7C707036F3E7}.Debug|Any CPU.Build.0 = Debug|Any CPU
		{F0CB1FE1-26F0-40C6-8267-7C707036F3E7}.Release|Any CPU.ActiveCfg = Release|Any CPU
		{F0CB1FE1-26F0-40C6-8267-7C707036F3E7}.Release|Any CPU.Build.0 = Release|Any CPU
		{2DF9A27E-5B76-4CEC-8221-BA1B0F88F864}.Debug|Any CPU.ActiveCfg = Debug|Any CPU
		{2DF9A27E-5B76-4CEC-8221-BA1B0F88F864}.Debug|Any CPU.Build.0 = Debug|Any CPU
		{2DF9A27E-5B76-4CEC-8221-BA1B0F88F864}.Release|Any CPU.ActiveCfg = Release|Any CPU
		{2DF9A27E-5B76-4CEC-8221-BA1B0F88F864}.Release|Any CPU.Build.0 = Release|Any CPU
		{4FAF757C-98F6-4BE4-8529-5E4F4A408122}.Debug|Any CPU.ActiveCfg = Debug|Any CPU
		{4FAF757C-98F6-4BE4-8529-5E4F4A408122}.Debug|Any CPU.Build.0 = Debug|Any CPU
		{4FAF757C-98F6-4BE4-8529-5E4F4A408122}.Release|Any CPU.ActiveCfg = Release|Any CPU
		{4FAF757C-98F6-4BE4-8529-5E4F4A408122}.Release|Any CPU.Build.0 = Release|Any CPU
		{6C0555D9-28CC-4722-9188-DD69F6DCE44F}.Debug|Any CPU.ActiveCfg = Debug|Any CPU
		{6C0555D9-28CC-4722-9188-DD69F6DCE44F}.Debug|Any CPU.Build.0 = Debug|Any CPU
		{6C0555D9-28CC-4722-9188-DD69F6DCE44F}.Release|Any CPU.ActiveCfg = Release|Any CPU
		{6C0555D9-28CC-4722-9188-DD69F6DCE44F}.Release|Any CPU.Build.0 = Release|Any CPU
		{4B8DC977-A5AC-49E0-8E99-93ED6696A48A}.Debug|Any CPU.ActiveCfg = Debug|Any CPU
		{4B8DC977-A5AC-49E0-8E99-93ED6696A48A}.Debug|Any CPU.Build.0 = Debug|Any CPU
		{4B8DC977-A5AC-49E0-8E99-93ED6696A48A}.Release|Any CPU.ActiveCfg = Release|Any CPU
		{4B8DC977-A5AC-49E0-8E99-93ED6696A48A}.Release|Any CPU.Build.0 = Release|Any CPU
		{CCDF4778-429E-447F-AFFF-16177542A27D}.Debug|Any CPU.ActiveCfg = Debug|Any CPU
		{CCDF4778-429E-447F-AFFF-16177542A27D}.Debug|Any CPU.Build.0 = Debug|Any CPU
		{CCDF4778-429E-447F-AFFF-16177542A27D}.Release|Any CPU.ActiveCfg = Release|Any CPU
		{CCDF4778-429E-447F-AFFF-16177542A27D}.Release|Any CPU.Build.0 = Release|Any CPU
	EndGlobalSection
	GlobalSection(SolutionProperties) = preSolution
		HideSolutionNode = FALSE
	EndGlobalSection
	GlobalSection(NestedProjects) = preSolution
		{E2D38C11-0BAB-4B03-9557-FE8A6DC1CBB3} = {23BAA3C5-E64C-47B8-8D2A-53EE17C4004F}
		{FB71CB68-FF59-4767-8E8F-451650F1398F} = {23BAA3C5-E64C-47B8-8D2A-53EE17C4004F}
		{1AF5BF03-1125-4335-A13E-09E81B49E3D5} = {23BAA3C5-E64C-47B8-8D2A-53EE17C4004F}
		{0772510A-20C8-4740-AC71-E07CB28C14D0} = {23BAA3C5-E64C-47B8-8D2A-53EE17C4004F}
		{350C8959-D2E5-4CE9-9A40-C4DEBDF9D866} = {B51104E7-298C-4C57-A1E6-A5DC645F1B8E}
		{F0D60F29-6FC1-4DD8-93B1-8EB1359A0AB9} = {23BAA3C5-E64C-47B8-8D2A-53EE17C4004F}
		{F9A88FBF-2A6D-410B-881B-31D8B29C8C05} = {23BAA3C5-E64C-47B8-8D2A-53EE17C4004F}
		{F0CB1FE1-26F0-40C6-8267-7C707036F3E7} = {B51104E7-298C-4C57-A1E6-A5DC645F1B8E}
		{2DF9A27E-5B76-4CEC-8221-BA1B0F88F864} = {23BAA3C5-E64C-47B8-8D2A-53EE17C4004F}
		{4FAF757C-98F6-4BE4-8529-5E4F4A408122} = {23BAA3C5-E64C-47B8-8D2A-53EE17C4004F}
		{6C0555D9-28CC-4722-9188-DD69F6DCE44F} = {B51104E7-298C-4C57-A1E6-A5DC645F1B8E}
		{4B8DC977-A5AC-49E0-8E99-93ED6696A48A} = {23BAA3C5-E64C-47B8-8D2A-53EE17C4004F}
		{CCDF4778-429E-447F-AFFF-16177542A27D} = {B51104E7-298C-4C57-A1E6-A5DC645F1B8E}
	EndGlobalSection
	GlobalSection(ExtensibilityGlobals) = postSolution
		SolutionGuid = {7A1FCDD4-DB9D-455F-BE17-752FBAEC340B}
	EndGlobalSection
EndGlobal
